
Microsoft Visual Studio Solution File, Format Version 12.00
# Visual Studio 15
VisualStudioVersion = 15.0.27703.2042
MinimumVisualStudioVersion = 10.0.40219.1
Project("{9A19103F-16F7-4668-BE54-9A1E7A4F7556}") = "Rentd.IdServer", "Rentd.IdServer\Rentd.IdServer.csproj", "{3B9832C0-F694-4DC1-A4DB-06E1056C85C5}"
EndProject
Project("{9A19103F-16F7-4668-BE54-9A1E7A4F7556}") = "Rentd.API", "Rentd.API\Rentd.API.csproj", "{A947186B-173A-4725-B7A1-039D607E7F47}"
EndProject
Project("{9A19103F-16F7-4668-BE54-9A1E7A4F7556}") = "Rentd.Data", "Rentd.Data\Rentd.Data.csproj", "{2347ECEB-69B1-4CC7-A303-838EE835D3E1}"
EndProject
Global
	GlobalSection(SolutionConfigurationPlatforms) = preSolution
		Debug|Any CPU = Debug|Any CPU
		Release|Any CPU = Release|Any CPU
	EndGlobalSection
	GlobalSection(ProjectConfigurationPlatforms) = postSolution
		{3B9832C0-F694-4DC1-A4DB-06E1056C85C5}.Debug|Any CPU.ActiveCfg = Debug|Any CPU
		{3B9832C0-F694-4DC1-A4DB-06E1056C85C5}.Debug|Any CPU.Build.0 = Debug|Any CPU
		{3B9832C0-F694-4DC1-A4DB-06E1056C85C5}.Release|Any CPU.ActiveCfg = Release|Any CPU
		{3B9832C0-F694-4DC1-A4DB-06E1056C85C5}.Release|Any CPU.Build.0 = Release|Any CPU
		{A947186B-173A-4725-B7A1-039D607E7F47}.Debug|Any CPU.ActiveCfg = Debug|Any CPU
		{A947186B-173A-4725-B7A1-039D607E7F47}.Debug|Any CPU.Build.0 = Debug|Any CPU
		{A947186B-173A-4725-B7A1-039D607E7F47}.Release|Any CPU.ActiveCfg = Release|Any CPU
		{A947186B-173A-4725-B7A1-039D607E7F47}.Release|Any CPU.Build.0 = Release|Any CPU
		{2347ECEB-69B1-4CC7-A303-838EE835D3E1}.Debug|Any CPU.ActiveCfg = Debug|Any CPU
		{2347ECEB-69B1-4CC7-A303-838EE835D3E1}.Debug|Any CPU.Build.0 = Debug|Any CPU
		{2347ECEB-69B1-4CC7-A303-838EE835D3E1}.Release|Any CPU.ActiveCfg = Release|Any CPU
		{2347ECEB-69B1-4CC7-A303-838EE835D3E1}.Release|Any CPU.Build.0 = Release|Any CPU
	EndGlobalSection
	GlobalSection(SolutionProperties) = preSolution
		HideSolutionNode = FALSE
	EndGlobalSection
	GlobalSection(ExtensibilityGlobals) = postSolution
		SolutionGuid = {D08DEDC0-077B-46BE-824C-98E32E9A020E}
	EndGlobalSection
EndGlobal
